lockfileVersion: 5.3

specifiers:
  prettier: 2.5.1
  prettier-plugin-go-template: 0.0.11

devDependencies:
  prettier: 2.5.1
  prettier-plugin-go-template: 0.0.11_prettier@2.5.1

packages:

  /prettier-plugin-go-template/0.0.11_prettier@2.5.1:
    resolution: {integrity: sha512-qtgoEjvbgmcDp9TOqYNgrPrA41s6S1UMyzMqjcxdxQahTX0webWfbamyA/x3XeBFEEJmgXrRAirzJrIVzImsMg==}
    engines: {node: '>=10.0.0'}
    peerDependencies:
      prettier: ^2.0.0
    dependencies:
      prettier: 2.5.1
      ulid: 2.3.0
    dev: true

  /prettier/2.5.1:
    resolution: {integrity: sha512-vBZcPRUR5MZJwoyi3ZoyQlc1rXeEck8KgeC9AwwOn+exuxLxq5toTRDTSaVrXHxelDMHy9zlicw8u66yxoSUFg==}
    engines: {node: '>=10.13.0'}
    hasBin: true
    dev: true

  /ulid/2.3.0:
    resolution: {integrity: sha512-keqHubrlpvT6G2wH0OEfSW4mquYRcbe/J8NMmveoQOjUqmo+hXtO+ORCpWhdbZ7k72UtY61BL7haGxW6enBnjw==}
    hasBin: true
    dev: true
